
Microsoft Visual Studio Solution File, Format Version 12.00
# Visual Studio Version 16
VisualStudioVersion = 16.0.31410.357
MinimumVisualStudioVersion = 10.0.40219.1
Project("{FAE04EC0-301F-11D3-BF4B-00C04F79EFBC}") = "WebApi", "WebApi.csproj", "{A0519738-1E0A-479B-A15E-BD49B083A748}"
EndProject
Global
	GlobalSection(SolutionConfigurationPlatforms) = preSolution
		Debug|Any CPU = Debug|Any CPU
		Release|Any CPU = Release|Any CPU
	EndGlobalSection
	GlobalSection(ProjectConfigurationPlatforms) = postSolution
		{A0519738-1E0A-479B-A15E-BD49B083A748}.Debug|Any CPU.ActiveCfg = Debug|Any CPU
		{A0519738-1E0A-479B-A15E-BD49B083A748}.Debug|Any CPU.Build.0 = Debug|Any CPU
		{A0519738-1E0A-479B-A15E-BD49B083A748}.Release|Any CPU.ActiveCfg = Release|Any CPU
		{A0519738-1E0A-479B-A15E-BD49B083A748}.Release|Any CPU.Build.0 = Release|Any CPU
	EndGlobalSection
	GlobalSection(SolutionProperties) = preSolution
		HideSolutionNode = FALSE
	EndGlobalSection
	GlobalSection(ExtensibilityGlobals) = postSolution
		SolutionGuid = {22B6638D-6715-4741-9B7C-9DA1C57E6651}
	EndGlobalSection
EndGlobal
